github.com/sharkpick/simpleset v0.0.0-20240219173249-301304310295 h1:VNwxIX6LtI0WEuUvCgLYU3VIbt2HGGzWQh4WTkcsRkQ=
github.com/sharkpick/simpleset v0.0.0-20240219173249-301304310295/go.mod h1:+1+NsML8BYLG9fTo+AYFLFGSlUsR9XgM7f/uDS64Lic=
golang.org/x/exp v0.0.0-20240213143201-ec583247a57a h1:HinSgX1tJRX3KsL//Gxynpw5CTOAIPhgL4W8PNiIpVE=
golang.org/x/exp v0.0.0-20240213143201-ec583247a57a/go.mod h1:CxmFvTBINI24O/j8iY7H1xHzx2i4OsyguNBmN/uPtqc=
